<?xml version="1.0" encoding="UTF-8" standalone="yes" ?>
<CodeBlocks_project_file>
	<FileVersion major="1" minor="6" />
	<Project>
		<Option title="agilNet" />
		<Option pch_mode="2" />
		<Option compiler="gcc" />
		<Build>
			<Target title="Debug">
				<Option output="bin/Debug/agilNet" prefix_auto="1" extension_auto="1" />
				<Option object_output="obj/Debug/" />
				<Option type="1" />
				<Option compiler="gcc" />
				<Compiler>
					<Add option="-g" />
				</Compiler>
			</Target>
			<Target title="Release">
				<Option output="bin/Release/agilNet" prefix_auto="1" extension_auto="1" />
				<Option object_output="obj/Release/" />
				<Option type="1" />
				<Option compiler="gcc" />
				<Linker>
					<Add option="-s" />
				</Linker>
			</Target>
		</Build>
		<Compiler>
			<Add option="-Wall" />
			<Add option="-DBOOST_ALL_DYN_LINK" />
			<Add directory="support" />
			<Add directory="net" />
			<Add directory="demo/echo" />
		</Compiler>
		<ResourceCompiler>
			<Add directory="support" />
		</ResourceCompiler>
		<Linker>
			<Add option="-lboost_system" />
			<Add option="-lboost_thread" />
			<Add option="-lboost_log" />
			<Add option="-lpthread" />
			<Add option="-lboost_log_setup" />
		</Linker>
		<Unit filename="demo/echo/EchoServer.cpp" />
		<Unit filename="demo/echo/EchoServer.h" />
		<Unit filename="demo/echo/main.cpp" />
		<Unit filename="net/Buffer.cpp" />
		<Unit filename="net/Buffer.h" />
		<Unit filename="net/Epoll.cpp" />
		<Unit filename="net/Epoll.h" />
		<Unit filename="net/IOEvent.cpp" />
		<Unit filename="net/IOEvent.h" />
		<Unit filename="net/IOEventCtrl.cpp" />
		<Unit filename="net/IOEventCtrl.h" />
		<Unit filename="net/IOEventLoop.cpp" />
		<Unit filename="net/IOEventLoop.h" />
		<Unit filename="net/Socket.cpp" />
		<Unit filename="net/Socket.h" />
		<Unit filename="net/SocketAddr.cpp" />
		<Unit filename="net/SocketAddr.h" />
		<Unit filename="net/SocketOperation.cpp" />
		<Unit filename="net/SocketOperation.h" />
		<Unit filename="net/TcpAccept.cpp" />
		<Unit filename="net/TcpAccept.h" />
		<Unit filename="net/TcpConnect.cpp" />
		<Unit filename="net/TcpConnect.h" />
		<Unit filename="net/TcpServer.cpp" />
		<Unit filename="net/TcpServer.h" />
		<Unit filename="support/AtomicInt.h" />
		<Unit filename="support/Condition.h" />
		<Unit filename="support/Log.cpp" />
		<Unit filename="support/Log.h" />
		<Unit filename="support/Mutex.h" />
		<Extensions>
			<code_completion />
			<debugger />
		</Extensions>
	</Project>
</CodeBlocks_project_file>
